// !$*UTF8*$!
{
	archiveVersion = 1;
	classes = {
	};
	objectVersion = 56;
	objects = {

/* Begin PBXBuildFile section */
		DD11B32429AB926800E6BF6B /* AppDelegate.swift in Sources */ = {isa = PBXBuildFile; fileRef = DD11B32329AB926800E6BF6B /* AppDelegate.swift */; };
		DD11B32629AB926800E6BF6B /* SceneDelegate.swift in Sources */ = {isa = PBXBuildFile; fileRef = DD11B32529AB926800E6BF6B /* SceneDelegate.swift */; };
		DD11B32829AB926800E6BF6B /* ViewController.swift in Sources */ = {isa = PBXBuildFile; fileRef = DD11B32729AB926800E6BF6B /* ViewController.swift */; };
		DD11B32B29AB926800E6BF6B /* Main.storyboard in Resources */ = {isa = PBXBuildFile; fileRef = DD11B32929AB926800E6BF6B /* Main.storyboard */; };
		DD11B32D29AB926A00E6BF6B /* Assets.xcassets in Resources */ = {isa = PBXBuildFile; fileRef = DD11B32C29AB926A00E6BF6B /* Assets.xcassets */; };
		DD11B33029AB926A00E6BF6B /* LaunchScreen.storyboard in Resources */ = {isa = PBXBuildFile; fileRef = DD11B32E29AB926A00E6BF6B /* LaunchScreen.storyboard */; };
		DD11B33E29AB95F900E6BF6B /* Constants.swift in Sources */ = {isa = PBXBuildFile; fileRef = DD11B33D29AB95F900E6BF6B /* Constants.swift */; };
		DD11B34029AB979400E6BF6B /* Music.swift in Sources */ = {isa = PBXBuildFile; fileRef = DD11B33F29AB979400E6BF6B /* Music.swift */; };
		DD11B34329AB9BD100E6BF6B /* NetworkingManager.swift in Sources */ = {isa = PBXBuildFile; fileRef = DD11B34229AB9BD100E6BF6B /* NetworkingManager.swift */; };
		DD11B34529AB9EA100E6BF6B /* SearchResultViewController.swift in Sources */ = {isa = PBXBuildFile; fileRef = DD11B34429AB9EA100E6BF6B /* SearchResultViewController.swift */; };
		DDC0645F29AC33ED0031C9D2 /* MusicCell.swift in Sources */ = {isa = PBXBuildFile; fileRef = DDC0645D29AC33ED0031C9D2 /* MusicCell.swift */; };
		DDC0646029AC33ED0031C9D2 /* MusicCell.xib in Resources */ = {isa = PBXBuildFile; fileRef = DDC0645E29AC33ED0031C9D2 /* MusicCell.xib */; };
/* End PBXBuildFile section */

/* Begin PBXFileReference section */
		DD11B32029AB926800E6BF6B /* ReMusicApp.app */ = {isa = PBXFileReference; explicitFileType = wrapper.application; includeInIndex = 0; path = ReMusicApp.app; sourceTree = BUILT_PRODUCTS_DIR; };
		DD11B32329AB926800E6BF6B /* AppDelegate.swift */ = {isa = PBXFileReference; lastKnownFileType = sourcecode.swift; path = AppDelegate.swift; sourceTree = "<group>"; };
		DD11B32529AB926800E6BF6B /* SceneDelegate.swift */ = {isa = PBXFileReference; lastKnownFileType = sourcecode.swift; path = SceneDelegate.swift; sourceTree = "<group>"; };
		DD11B32729AB926800E6BF6B /* ViewController.swift */ = {isa = PBXFileReference; lastKnownFileType = sourcecode.swift; path = ViewController.swift; sourceTree = "<group>"; };
		DD11B32A29AB926800E6BF6B /* Base */ = {isa = PBXFileReference; lastKnownFileType = file.storyboard; name = Base; path = Base.lproj/Main.storyboard; sourceTree = "<group>"; };
		DD11B32C29AB926A00E6BF6B /* Assets.xcassets */ = {isa = PBXFileReference; lastKnownFileType = folder.assetcatalog; path = Assets.xcassets; sourceTree = "<group>"; };
		DD11B32F29AB926A00E6BF6B /* Base */ = {isa = PBXFileReference; lastKnownFileType = file.storyboard; name = Base; path = Base.lproj/LaunchScreen.storyboard; sourceTree = "<group>"; };
		DD11B33129AB926A00E6BF6B /* Info.plist */ = {isa = PBXFileReference; lastKnownFileType = text.plist.xml; path = Info.plist; sourceTree = "<group>"; };
		DD11B33D29AB95F900E6BF6B /* Constants.swift */ = {isa = PBXFileReference; lastKnownFileType = sourcecode.swift; path = Constants.swift; sourceTree = "<group>"; };
		DD11B33F29AB979400E6BF6B /* Music.swift */ = {isa = PBXFileReference; lastKnownFileType = sourcecode.swift; path = Music.swift; sourceTree = "<group>"; };
		DD11B34229AB9BD100E6BF6B /* NetworkingManager.swift */ = {isa = PBXFileReference; lastKnownFileType = sourcecode.swift; path = NetworkingManager.swift; sourceTree = "<group>"; };
		DD11B34429AB9EA100E6BF6B /* SearchResultViewController.swift */ = {isa = PBXFileReference; lastKnownFileType = sourcecode.swift; path = SearchResultViewController.swift; sourceTree = "<group>"; };
		DDC0645D29AC33ED0031C9D2 /* MusicCell.swift */ = {isa = PBXFileReference; lastKnownFileType = sourcecode.swift; path = MusicCell.swift; sourceTree = "<group>"; };
		DDC0645E29AC33ED0031C9D2 /* MusicCell.xib */ = {isa = PBXFileReference; lastKnownFileType = file.xib; path = MusicCell.xib; sourceTree = "<group>"; };
/* End PBXFileReference section */

/* Begin PBXFrameworksBuildPhase section */
		DD11B31D29AB926800E6BF6B /* Frameworks */ = {
			isa = PBXFrameworksBuildPhase;
			buildActionMask = 2147483647;
			files = (
			);
			runOnlyForDeploymentPostprocessing = 0;
		};
/* End PBXFrameworksBuildPhase section */

/* Begin PBXGroup section */
		DD11B31729AB926800E6BF6B = {
			isa = PBXGroup;
			children = (
				DD11B32229AB926800E6BF6B /* ReMusicApp */,
				DD11B32129AB926800E6BF6B /* Products */,
			);
			sourceTree = "<group>";
		};
		DD11B32129AB926800E6BF6B /* Products */ = {
			isa = PBXGroup;
			children = (
				DD11B32029AB926800E6BF6B /* ReMusicApp.app */,
			);
			name = Products;
			sourceTree = "<group>";
		};
		DD11B32229AB926800E6BF6B /* ReMusicApp */ = {
			isa = PBXGroup;
			children = (
				DD11B32329AB926800E6BF6B /* AppDelegate.swift */,
				DD11B32529AB926800E6BF6B /* SceneDelegate.swift */,
				DD11B34129AB9BBC00E6BF6B /* Networking */,
				DD11B33C29AB95C500E6BF6B /* Helpers */,
				DD11B33929AB938F00E6BF6B /* Controllers */,
				DD11B33829AB938800E6BF6B /* Views */,
				DD11B33729AB937E00E6BF6B /* Models */,
				DD11B32C29AB926A00E6BF6B /* Assets.xcassets */,
				DD11B32E29AB926A00E6BF6B /* LaunchScreen.storyboard */,
				DD11B33129AB926A00E6BF6B /* Info.plist */,
			);
			path = ReMusicApp;
			sourceTree = "<group>";
		};
		DD11B33729AB937E00E6BF6B /* Models */ = {
			isa = PBXGroup;
			children = (
				DD11B33F29AB979400E6BF6B /* Music.swift */,
			);
			path = Models;
			sourceTree = "<group>";
		};
		DD11B33829AB938800E6BF6B /* Views */ = {
			isa = PBXGroup;
			children = (
				DD11B32929AB926800E6BF6B /* Main.storyboard */,
				DDC0645D29AC33ED0031C9D2 /* MusicCell.swift */,
				DDC0645E29AC33ED0031C9D2 /* MusicCell.xib */,
			);
			path = Views;
			sourceTree = "<group>";
		};
		DD11B33929AB938F00E6BF6B /* Controllers */ = {
			isa = PBXGroup;
			children = (
				DD11B32729AB926800E6BF6B /* ViewController.swift */,
				DD11B34429AB9EA100E6BF6B /* SearchResultViewController.swift */,
			);
			path = Controllers;
			sourceTree = "<group>";
		};
		DD11B33C29AB95C500E6BF6B /* Helpers */ = {
			isa = PBXGroup;
			children = (
				DD11B33D29AB95F900E6BF6B /* Constants.swift */,
			);
			path = Helpers;
			sourceTree = "<group>";
		};
		DD11B34129AB9BBC00E6BF6B /* Networking */ = {
			isa = PBXGroup;
			children = (
				DD11B34229AB9BD100E6BF6B /* NetworkingManager.swift */,
			);
			path = Networking;
			sourceTree = "<group>";
		};
/* End PBXGroup section */

/* Begin PBXNativeTarget section */
		DD11B31F29AB926800E6BF6B /* ReMusicApp */ = {
			isa = PBXNativeTarget;
			buildConfigurationList = DD11B33429AB926A00E6BF6B /* Build configuration list for PBXNativeTarget "ReMusicApp" */;
			buildPhases = (
				DD11B31C29AB926800E6BF6B /* Sources */,
				DD11B31D29AB926800E6BF6B /* Frameworks */,
				DD11B31E29AB926800E6BF6B /* Resources */,
			);
			buildRules = (
			);
			dependencies = (
			);
			name = ReMusicApp;
			productName = ReMusicApp;
			productReference = DD11B32029AB926800E6BF6B /* ReMusicApp.app */;
			productType = "com.apple.product-type.application";
		};
/* End PBXNativeTarget section */

/* Begin PBXProject section */
		DD11B31829AB926800E6BF6B /* Project object */ = {
			isa = PBXProject;
			attributes = {
				BuildIndependentTargetsInParallel = 1;
				LastSwiftUpdateCheck = 1420;
				LastUpgradeCheck = 1420;
				TargetAttributes = {
					DD11B31F29AB926800E6BF6B = {
						CreatedOnToolsVersion = 14.2;
					};
				};
			};
			buildConfigurationList = DD11B31B29AB926800E6BF6B /* Build configuration list for PBXProject "ReMusicApp" */;
			compatibilityVersion = "Xcode 14.0";
			developmentRegion = en;
			hasScannedForEncodings = 0;
			knownRegions = (
				en,
				Base,
			);
			mainGroup = DD11B31729AB926800E6BF6B;
			productRefGroup = DD11B32129AB926800E6BF6B /* Products */;
			projectDirPath = "";
			projectRoot = "";
			targets = (
				DD11B31F29AB926800E6BF6B /* ReMusicApp */,
			);
		};
/* End PBXProject section */

/* Begin PBXResourcesBuildPhase section */
		DD11B31E29AB926800E6BF6B /* Resources */ = {
			isa = PBXResourcesBuildPhase;
			buildActionMask = 2147483647;
			files = (
				DD11B33029AB926A00E6BF6B /* LaunchScreen.storyboard in Resources */,
				DD11B32D29AB926A00E6BF6B /* Assets.xcassets in Resources */,
				DD11B32B29AB926800E6BF6B /* Main.storyboard in Resources */,
				DDC0646029AC33ED0031C9D2 /* MusicCell.xib in Resources */,
			);
			runOnlyForDeploymentPostprocessing = 0;
		};
/* End PBXResourcesBuildPhase section */

/* Begin PBXSourcesBuildPhase section */
		DD11B31C29AB926800E6BF6B /* Sources */ = {
			isa = PBXSourcesBuildPhase;
			buildActionMask = 2147483647;
			files = (
				DD11B32829AB926800E6BF6B /* ViewController.swift in Sources */,
				DD11B34529AB9EA100E6BF6B /* SearchResultViewController.swift in Sources */,
				DD11B32429AB926800E6BF6B /* AppDelegate.swift in Sources */,
				DDC0645F29AC33ED0031C9D2 /* MusicCell.swift in Sources */,
				DD11B34029AB979400E6BF6B /* Music.swift in Sources */,
				DD11B34329AB9BD100E6BF6B /* NetworkingManager.swift in Sources */,
				DD11B32629AB926800E6BF6B /* SceneDelegate.swift in Sources */,
				DD11B33E29AB95F900E6BF6B /* Constants.swift in Sources */,
			);
			runOnlyForDeploymentPostprocessing = 0;
		};
/* End PBXSourcesBuildPhase section */

/* Begin PBXVariantGroup section */
		DD11B32929AB926800E6BF6B /* Main.storyboard */ = {
			isa = PBXVariantGroup;
			children = (
				DD11B32A29AB926800E6BF6B /* Base */,
			);
			name = Main.storyboard;
			sourceTree = "<group>";
		};
		DD11B32E29AB926A00E6BF6B /* LaunchScreen.storyboard */ = {
			isa = PBXVariantGroup;
			children = (
				DD11B32F29AB926A00E6BF6B /* Base */,
			);
			name = LaunchScreen.storyboard;
			sourceTree = "<group>";
		};
/* End PBXVariantGroup section */

/* Begin XCBuildConfiguration section */
		DD11B33229AB926A00E6BF6B /* Debug */ = {
			isa = XCBuildConfiguration;
			buildSettings = {
				ALWAYS_SEARCH_USER_PATHS = NO;
				CLANG_ANALYZER_NONNULL = YES;
				CLANG_ANALYZER_NUMBER_OBJECT_CONVERSION = YES_AGGRESSIVE;
				CLANG_CXX_LANGUAGE_STANDARD = "gnu++20";
				CLANG_ENABLE_MODULES = YES;
				CLANG_ENABLE_OBJC_ARC = YES;
				CLANG_ENABLE_OBJC_WEAK = YES;
				CLANG_WARN_BLOCK_CAPTURE_AUTORELEASING = YES;
				CLANG_WARN_BOOL_CONVERSION = YES;
				CLANG_WARN_COMMA = YES;
				CLANG_WARN_CONSTANT_CONVERSION = YES;
				CLANG_WARN_DEPRECATED_OBJC_IMPLEMENTATIONS = YES;
				CLANG_WARN_DIRECT_OBJC_ISA_USAGE = YES_ERROR;
				CLANG_WARN_DOCUMENTATION_COMMENTS = YES;
				CLANG_WARN_EMPTY_BODY = YES;
				CLANG_WARN_ENUM_CONVERSION = YES;
				CLANG_WARN_INFINITE_RECURSION = YES;
				CLANG_WARN_INT_CONVERSION = YES;
				CLANG_WARN_NON_LITERAL_NULL_CONVERSION = YES;
				CLANG_WARN_OBJC_IMPLICIT_RETAIN_SELF = YES;
				CLANG_WARN_OBJC_LITERAL_CONVERSION = YES;
				CLANG_WARN_OBJC_ROOT_CLASS = YES_ERROR;
				CLANG_WARN_QUOTED_INCLUDE_IN_FRAMEWORK_HEADER = YES;
				CLANG_WARN_RANGE_LOOP_ANALYSIS = YES;
				CLANG_WARN_STRICT_PROTOTYPES = YES;
				CLANG_WARN_SUSPICIOUS_MOVE = YES;
				CLANG_WARN_UNGUARDED_AVAILABILITY = YES_AGGRESSIVE;
				CLANG_WARN_UNREACHABLE_CODE = YES;
				CLANG_WARN__DUPLICATE_METHOD_MATCH = YES;
				COPY_PHASE_STRIP = NO;
				DEBUG_INFORMATION_FORMAT = dwarf;
				ENABLE_STRICT_OBJC_MSGSEND = YES;
				ENABLE_TESTABILITY = YES;
				GCC_C_LANGUAGE_STANDARD = gnu11;
				GCC_DYNAMIC_NO_PIC = NO;
				GCC_NO_COMMON_BLOCKS = YES;
				GCC_OPTIMIZATION_LEVEL = 0;
				GCC_PREPROCESSOR_DEFINITIONS = (
					"DEBUG=1",
					"$(inherited)",
				);
				GCC_WARN_64_TO_32_BIT_CONVERSION = YES;
				GCC_WARN_ABOUT_RETURN_TYPE = YES_ERROR;
				GCC_WARN_UNDECLARED_SELECTOR = YES;
				GCC_WARN_UNINITIALIZED_AUTOS = YES_AGGRESSIVE;
				GCC_WARN_UNUSED_FUNCTION = YES;
				GCC_WARN_UNUSED_VARIABLE = YES;
				IPHONEOS_DEPLOYMENT_TARGET = 16.2;
				MTL_ENABLE_DEBUG_INFO = INCLUDE_SOURCE;
				MTL_FAST_MATH = YES;
				ONLY_ACTIVE_ARCH = YES;
				SDKROOT = iphoneos;
				SWIFT_ACTIVE_COMPILATION_CONDITIONS = DEBUG;
				SWIFT_OPTIMIZATION_LEVEL = "-Onone";
			};
			name = Debug;
		};
		DD11B33329AB926A00E6BF6B /* Release */ = {
			isa = XCBuildConfiguration;
			buildSettings = {
				ALWAYS_SEARCH_USER_PATHS = NO;
				CLANG_ANALYZER_NONNULL = YES;
				CLANG_ANALYZER_NUMBER_OBJECT_CONVERSION = YES_AGGRESSIVE;
				CLANG_CXX_LANGUAGE_STANDARD = "gnu++20";
				CLANG_ENABLE_MODULES = YES;
				CLANG_ENABLE_OBJC_ARC = YES;
				CLANG_ENABLE_OBJC_WEAK = YES;
				CLANG_WARN_BLOCK_CAPTURE_AUTORELEASING = YES;
				CLANG_WARN_BOOL_CONVERSION = YES;
				CLANG_WARN_COMMA = YES;
				CLANG_WARN_CONSTANT_CONVERSION = YES;
				CLANG_WARN_DEPRECATED_OBJC_IMPLEMENTATIONS = YES;
				CLANG_WARN_DIRECT_OBJC_ISA_USAGE = YES_ERROR;
				CLANG_WARN_DOCUMENTATION_COMMENTS = YES;
				CLANG_WARN_EMPTY_BODY = YES;
				CLANG_WARN_ENUM_CONVERSION = YES;
				CLANG_WARN_INFINITE_RECURSION = YES;
				CLANG_WARN_INT_CONVERSION = YES;
				CLANG_WARN_NON_LITERAL_NULL_CONVERSION = YES;
				CLANG_WARN_OBJC_IMPLICIT_RETAIN_SELF = YES;
				CLANG_WARN_OBJC_LITERAL_CONVERSION = YES;
				CLANG_WARN_OBJC_ROOT_CLASS = YES_ERROR;
				CLANG_WARN_QUOTED_INCLUDE_IN_FRAMEWORK_HEADER = YES;
				CLANG_WARN_RANGE_LOOP_ANALYSIS = YES;
				CLANG_WARN_STRICT_PROTOTYPES = YES;
				CLANG_WARN_SUSPICIOUS_MOVE = YES;
				CLANG_WARN_UNGUARDED_AVAILABILITY = YES_AGGRESSIVE;
				CLANG_WARN_UNREACHABLE_CODE = YES;
				CLANG_WARN__DUPLICATE_METHOD_MATCH = YES;
				COPY_PHASE_STRIP = NO;
				DEBUG_INFORMATION_FORMAT = "dwarf-with-dsym";
				ENABLE_NS_ASSERTIONS = NO;
				ENABLE_STRICT_OBJC_MSGSEND = YES;
				GCC_C_LANGUAGE_STANDARD = gnu11;
				GCC_NO_COMMON_BLOCKS = YES;
				GCC_WARN_64_TO_32_BIT_CONVERSION = YES;
				GCC_WARN_ABOUT_RETURN_TYPE = YES_ERROR;
				GCC_WARN_UNDECLARED_SELECTOR = YES;
				GCC_WARN_UNINITIALIZED_AUTOS = YES_AGGRESSIVE;
				GCC_WARN_UNUSED_FUNCTION = YES;
				GCC_WARN_UNUSED_VARIABLE = YES;
				IPHONEOS_DEPLOYMENT_TARGET = 16.2;
				MTL_ENABLE_DEBUG_INFO = NO;
				MTL_FAST_MATH = YES;
				SDKROOT = iphoneos;
				SWIFT_COMPILATION_MODE = wholemodule;
				SWIFT_OPTIMIZATION_LEVEL = "-O";
				VALIDATE_PRODUCT = YES;
			};
			name = Release;
		};
		DD11B33529AB926A00E6BF6B /* Debug */ = {
			isa = XCBuildConfiguration;
			buildSettings = {
				ASSETCATALOG_COMPILER_APPICON_NAME = AppIcon;
				ASSETCATALOG_COMPILER_GLOBAL_ACCENT_COLOR_NAME = AccentColor;
				CODE_SIGN_STYLE = Automatic;
				CURRENT_PROJECT_VERSION = 1;
				GENERATE_INFOPLIST_FILE = YES;
				INFOPLIST_FILE = ReMusicApp/Info.plist;
				INFOPLIST_KEY_UIApplicationSupportsIndirectInputEvents = YES;
				INFOPLIST_KEY_UILaunchStoryboardName = LaunchScreen;
				INFOPLIST_KEY_UIMainStoryboardFile = Main;
				INFOPLIST_KEY_UISupportedInterfaceOrientations = UIInterfaceOrientationPortrait;
				INFOPLIST_KEY_UISupportedInterfaceOrientations_iPad = "UIInterfaceOrientationLandscapeLeft UIInterfaceOrientationLandscapeRight UIInterfaceOrientationPortrait UIInterfaceOrientationPortraitUpsideDown";
				IPHONEOS_DEPLOYMENT_TARGET = 14.0;
				LD_RUNPATH_SEARCH_PATHS = (
					"$(inherited)",
					"@executable_path/Frameworks",
				);
				MARKETING_VERSION = 1.0;
				PRODUCT_BUNDLE_IDENTIFIER = com.austinMoon.ReMusicApp;
				PRODUCT_NAME = "$(TARGET_NAME)";
				SUPPORTED_PLATFORMS = "iphoneos iphonesimulator";
				SUPPORTS_MACCATALYST = NO;
				SUPPORTS_MAC_DESIGNED_FOR_IPHONE_IPAD = NO;
				SWIFT_EMIT_LOC_STRINGS = YES;
				SWIFT_VERSION = 5.0;
				TARGETED_DEVICE_FAMILY = 1;
			};
			name = Debug;
		};
		DD11B33629AB926A00E6BF6B /* Release */ = {
			isa = XCBuildConfiguration;
			buildSettings = {
				ASSETCATALOG_COMPILER_APPICON_NAME = AppIcon;
				ASSETCATALOG_COMPILER_GLOBAL_ACCENT_COLOR_NAME = AccentColor;
				CODE_SIGN_STYLE = Automatic;
				CURRENT_PROJECT_VERSION = 1;
				GENERATE_INFOPLIST_FILE = YES;
				INFOPLIST_FILE = ReMusicApp/Info.plist;
				INFOPLIST_KEY_UIApplicationSupportsIndirectInputEvents = YES;
				INFOPLIST_KEY_UILaunchStoryboardName = LaunchScreen;
				INFOPLIST_KEY_UIMainStoryboardFile = Main;
				INFOPLIST_KEY_UISupportedInterfaceOrientations = UIInterfaceOrientationPortrait;
				INFOPLIST_KEY_UISupportedInterfaceOrientations_iPad = "UIInterfaceOrientationLandscapeLeft UIInterfaceOrientationLandscapeRight UIInterfaceOrientationPortrait UIInterfaceOrientationPortraitUpsideDown";
				IPHONEOS_DEPLOYMENT_TARGET = 14.0;
				LD_RUNPATH_SEARCH_PATHS = (
					"$(inherited)",
					"@executable_path/Frameworks",
				);
				MARKETING_VERSION = 1.0;
				PRODUCT_BUNDLE_IDENTIFIER = com.austinMoon.ReMusicApp;
				PRODUCT_NAME = "$(TARGET_NAME)";
				SUPPORTED_PLATFORMS = "iphoneos iphonesimulator";
				SUPPORTS_MACCATALYST = NO;
				SUPPORTS_MAC_DESIGNED_FOR_IPHONE_IPAD = NO;
				SWIFT_EMIT_LOC_STRINGS = YES;
				SWIFT_VERSION = 5.0;
				TARGETED_DEVICE_FAMILY = 1;
			};
			name = Release;
		};
/* End XCBuildConfiguration section */

/* Begin XCConfigurationList section */
		DD11B31B29AB926800E6BF6B /* Build configuration list for PBXProject "ReMusicApp" */ = {
			isa = XCConfigurationList;
			buildConfigurations = (
				DD11B33229AB926A00E6BF6B /* Debug */,
				DD11B33329AB926A00E6BF6B /* Release */,
			);
			defaultConfigurationIsVisible = 0;
			defaultConfigurationName = Release;
		};
		DD11B33429AB926A00E6BF6B /* Build configuration list for PBXNativeTarget "ReMusicApp" */ = {
			isa = XCConfigurationList;
			buildConfigurations = (
				DD11B33529AB926A00E6BF6B /* Debug */,
				DD11B33629AB926A00E6BF6B /* Release */,
			);
			defaultConfigurationIsVisible = 0;
			defaultConfigurationName = Release;
		};
/* End XCConfigurationList section */
	};
	rootObject = DD11B31829AB926800E6BF6B /* Project object */;
}
