// !$*UTF8*$!
{
	archiveVersion = 1;
	classes = {
	};
	objectVersion = 56;
	objects = {

/* Begin PBXBuildFile section */
		DDCCA037299B6BB900AD1D96 /* AppDelegate.swift in Sources */ = {isa = PBXBuildFile; fileRef = DDCCA036299B6BB900AD1D96 /* AppDelegate.swift */; };
		DDCCA039299B6BB900AD1D96 /* SceneDelegate.swift in Sources */ = {isa = PBXBuildFile; fileRef = DDCCA038299B6BB900AD1D96 /* SceneDelegate.swift */; };
		DDCCA03B299B6BB900AD1D96 /* ViewController.swift in Sources */ = {isa = PBXBuildFile; fileRef = DDCCA03A299B6BB900AD1D96 /* ViewController.swift */; };
		DDCCA03E299B6BB900AD1D96 /* Main.storyboard in Resources */ = {isa = PBXBuildFile; fileRef = DDCCA03C299B6BB900AD1D96 /* Main.storyboard */; };
		DDCCA040299B6BBB00AD1D96 /* Assets.xcassets in Resources */ = {isa = PBXBuildFile; fileRef = DDCCA03F299B6BBB00AD1D96 /* Assets.xcassets */; };
		DDCCA043299B6BBB00AD1D96 /* LaunchScreen.storyboard in Resources */ = {isa = PBXBuildFile; fileRef = DDCCA041299B6BBB00AD1D96 /* LaunchScreen.storyboard */; };
		DDCCA04E299B73D700AD1D96 /* Member.swift in Sources */ = {isa = PBXBuildFile; fileRef = DDCCA04D299B73D700AD1D96 /* Member.swift */; };
		DDCCA051299B79D800AD1D96 /* MemberListManager.swift in Sources */ = {isa = PBXBuildFile; fileRef = DDCCA050299B79D800AD1D96 /* MemberListManager.swift */; };
		DDCCA053299DE40100AD1D96 /* MyTableViewCell.swift in Sources */ = {isa = PBXBuildFile; fileRef = DDCCA052299DE40100AD1D96 /* MyTableViewCell.swift */; };
		DDCCA055299DFBBA00AD1D96 /* DetailViewController.swift in Sources */ = {isa = PBXBuildFile; fileRef = DDCCA054299DFBBA00AD1D96 /* DetailViewController.swift */; };
		DDCCA057299DFBCD00AD1D96 /* DetailView.swift in Sources */ = {isa = PBXBuildFile; fileRef = DDCCA056299DFBCD00AD1D96 /* DetailView.swift */; };
/* End PBXBuildFile section */

/* Begin PBXFileReference section */
		DDCCA033299B6BB900AD1D96 /* MemberList.app */ = {isa = PBXFileReference; explicitFileType = wrapper.application; includeInIndex = 0; path = MemberList.app; sourceTree = BUILT_PRODUCTS_DIR; };
		DDCCA036299B6BB900AD1D96 /* AppDelegate.swift */ = {isa = PBXFileReference; lastKnownFileType = sourcecode.swift; path = AppDelegate.swift; sourceTree = "<group>"; };
		DDCCA038299B6BB900AD1D96 /* SceneDelegate.swift */ = {isa = PBXFileReference; lastKnownFileType = sourcecode.swift; path = SceneDelegate.swift; sourceTree = "<group>"; };
		DDCCA03A299B6BB900AD1D96 /* ViewController.swift */ = {isa = PBXFileReference; lastKnownFileType = sourcecode.swift; path = ViewController.swift; sourceTree = "<group>"; };
		DDCCA03D299B6BB900AD1D96 /* Base */ = {isa = PBXFileReference; lastKnownFileType = file.storyboard; name = Base; path = Base.lproj/Main.storyboard; sourceTree = "<group>"; };
		DDCCA03F299B6BBB00AD1D96 /* Assets.xcassets */ = {isa = PBXFileReference; lastKnownFileType = folder.assetcatalog; path = Assets.xcassets; sourceTree = "<group>"; };
		DDCCA042299B6BBB00AD1D96 /* Base */ = {isa = PBXFileReference; lastKnownFileType = file.storyboard; name = Base; path = Base.lproj/LaunchScreen.storyboard; sourceTree = "<group>"; };
		DDCCA044299B6BBB00AD1D96 /* Info.plist */ = {isa = PBXFileReference; lastKnownFileType = text.plist.xml; path = Info.plist; sourceTree = "<group>"; };
		DDCCA04D299B73D700AD1D96 /* Member.swift */ = {isa = PBXFileReference; lastKnownFileType = sourcecode.swift; path = Member.swift; sourceTree = "<group>"; };
		DDCCA050299B79D800AD1D96 /* MemberListManager.swift */ = {isa = PBXFileReference; lastKnownFileType = sourcecode.swift; path = MemberListManager.swift; sourceTree = "<group>"; };
		DDCCA052299DE40100AD1D96 /* MyTableViewCell.swift */ = {isa = PBXFileReference; lastKnownFileType = sourcecode.swift; path = MyTableViewCell.swift; sourceTree = "<group>"; };
		DDCCA054299DFBBA00AD1D96 /* DetailViewController.swift */ = {isa = PBXFileReference; lastKnownFileType = sourcecode.swift; path = DetailViewController.swift; sourceTree = "<group>"; };
		DDCCA056299DFBCD00AD1D96 /* DetailView.swift */ = {isa = PBXFileReference; lastKnownFileType = sourcecode.swift; path = DetailView.swift; sourceTree = "<group>"; };
/* End PBXFileReference section */

/* Begin PBXFrameworksBuildPhase section */
		DDCCA030299B6BB900AD1D96 /* Frameworks */ = {
			isa = PBXFrameworksBuildPhase;
			buildActionMask = 2147483647;
			files = (
			);
			runOnlyForDeploymentPostprocessing = 0;
		};
/* End PBXFrameworksBuildPhase section */

/* Begin PBXGroup section */
		DDCCA02A299B6BB900AD1D96 = {
			isa = PBXGroup;
			children = (
				DDCCA035299B6BB900AD1D96 /* MemberList */,
				DDCCA034299B6BB900AD1D96 /* Products */,
			);
			sourceTree = "<group>";
		};
		DDCCA034299B6BB900AD1D96 /* Products */ = {
			isa = PBXGroup;
			children = (
				DDCCA033299B6BB900AD1D96 /* MemberList.app */,
			);
			name = Products;
			sourceTree = "<group>";
		};
		DDCCA035299B6BB900AD1D96 /* MemberList */ = {
			isa = PBXGroup;
			children = (
				DDCCA036299B6BB900AD1D96 /* AppDelegate.swift */,
				DDCCA038299B6BB900AD1D96 /* SceneDelegate.swift */,
				DDCCA04C299B73BE00AD1D96 /* Controllers */,
				DDCCA04B299B73B900AD1D96 /* Views */,
				DDCCA04A299B73AE00AD1D96 /* Models */,
				DDCCA03F299B6BBB00AD1D96 /* Assets.xcassets */,
				DDCCA041299B6BBB00AD1D96 /* LaunchScreen.storyboard */,
				DDCCA044299B6BBB00AD1D96 /* Info.plist */,
			);
			path = MemberList;
			sourceTree = "<group>";
		};
		DDCCA04A299B73AE00AD1D96 /* Models */ = {
			isa = PBXGroup;
			children = (
				DDCCA04D299B73D700AD1D96 /* Member.swift */,
				DDCCA050299B79D800AD1D96 /* MemberListManager.swift */,
			);
			path = Models;
			sourceTree = "<group>";
		};
		DDCCA04B299B73B900AD1D96 /* Views */ = {
			isa = PBXGroup;
			children = (
				DDCCA03C299B6BB900AD1D96 /* Main.storyboard */,
				DDCCA052299DE40100AD1D96 /* MyTableViewCell.swift */,
				DDCCA056299DFBCD00AD1D96 /* DetailView.swift */,
			);
			path = Views;
			sourceTree = "<group>";
		};
		DDCCA04C299B73BE00AD1D96 /* Controllers */ = {
			isa = PBXGroup;
			children = (
				DDCCA03A299B6BB900AD1D96 /* ViewController.swift */,
				DDCCA054299DFBBA00AD1D96 /* DetailViewController.swift */,
			);
			path = Controllers;
			sourceTree = "<group>";
		};
/* End PBXGroup section */

/* Begin PBXNativeTarget section */
		DDCCA032299B6BB900AD1D96 /* MemberList */ = {
			isa = PBXNativeTarget;
			buildConfigurationList = DDCCA047299B6BBB00AD1D96 /* Build configuration list for PBXNativeTarget "MemberList" */;
			buildPhases = (
				DDCCA02F299B6BB900AD1D96 /* Sources */,
				DDCCA030299B6BB900AD1D96 /* Frameworks */,
				DDCCA031299B6BB900AD1D96 /* Resources */,
			);
			buildRules = (
			);
			dependencies = (
			);
			name = MemberList;
			productName = MemberList;
			productReference = DDCCA033299B6BB900AD1D96 /* MemberList.app */;
			productType = "com.apple.product-type.application";
		};
/* End PBXNativeTarget section */

/* Begin PBXProject section */
		DDCCA02B299B6BB900AD1D96 /* Project object */ = {
			isa = PBXProject;
			attributes = {
				BuildIndependentTargetsInParallel = 1;
				LastSwiftUpdateCheck = 1420;
				LastUpgradeCheck = 1420;
				TargetAttributes = {
					DDCCA032299B6BB900AD1D96 = {
						CreatedOnToolsVersion = 14.2;
					};
				};
			};
			buildConfigurationList = DDCCA02E299B6BB900AD1D96 /* Build configuration list for PBXProject "MemberList" */;
			compatibilityVersion = "Xcode 14.0";
			developmentRegion = en;
			hasScannedForEncodings = 0;
			knownRegions = (
				en,
				Base,
			);
			mainGroup = DDCCA02A299B6BB900AD1D96;
			productRefGroup = DDCCA034299B6BB900AD1D96 /* Products */;
			projectDirPath = "";
			projectRoot = "";
			targets = (
				DDCCA032299B6BB900AD1D96 /* MemberList */,
			);
		};
/* End PBXProject section */

/* Begin PBXResourcesBuildPhase section */
		DDCCA031299B6BB900AD1D96 /* Resources */ = {
			isa = PBXResourcesBuildPhase;
			buildActionMask = 2147483647;
			files = (
				DDCCA043299B6BBB00AD1D96 /* LaunchScreen.storyboard in Resources */,
				DDCCA040299B6BBB00AD1D96 /* Assets.xcassets in Resources */,
				DDCCA03E299B6BB900AD1D96 /* Main.storyboard in Resources */,
			);
			runOnlyForDeploymentPostprocessing = 0;
		};
/* End PBXResourcesBuildPhase section */

/* Begin PBXSourcesBuildPhase section */
		DDCCA02F299B6BB900AD1D96 /* Sources */ = {
			isa = PBXSourcesBuildPhase;
			buildActionMask = 2147483647;
			files = (
				DDCCA051299B79D800AD1D96 /* MemberListManager.swift in Sources */,
				DDCCA057299DFBCD00AD1D96 /* DetailView.swift in Sources */,
				DDCCA03B299B6BB900AD1D96 /* ViewController.swift in Sources */,
				DDCCA037299B6BB900AD1D96 /* AppDelegate.swift in Sources */,
				DDCCA039299B6BB900AD1D96 /* SceneDelegate.swift in Sources */,
				DDCCA04E299B73D700AD1D96 /* Member.swift in Sources */,
				DDCCA053299DE40100AD1D96 /* MyTableViewCell.swift in Sources */,
				DDCCA055299DFBBA00AD1D96 /* DetailViewController.swift in Sources */,
			);
			runOnlyForDeploymentPostprocessing = 0;
		};
/* End PBXSourcesBuildPhase section */

/* Begin PBXVariantGroup section */
		DDCCA03C299B6BB900AD1D96 /* Main.storyboard */ = {
			isa = PBXVariantGroup;
			children = (
				DDCCA03D299B6BB900AD1D96 /* Base */,
			);
			name = Main.storyboard;
			sourceTree = "<group>";
		};
		DDCCA041299B6BBB00AD1D96 /* LaunchScreen.storyboard */ = {
			isa = PBXVariantGroup;
			children = (
				DDCCA042299B6BBB00AD1D96 /* Base */,
			);
			name = LaunchScreen.storyboard;
			sourceTree = "<group>";
		};
/* End PBXVariantGroup section */

/* Begin XCBuildConfiguration section */
		DDCCA045299B6BBB00AD1D96 /* Debug */ = {
			isa = XCBuildConfiguration;
			buildSettings = {
				ALWAYS_SEARCH_USER_PATHS = NO;
				CLANG_ANALYZER_NONNULL = YES;
				CLANG_ANALYZER_NUMBER_OBJECT_CONVERSION = YES_AGGRESSIVE;
				CLANG_CXX_LANGUAGE_STANDARD = "gnu++20";
				CLANG_ENABLE_MODULES = YES;
				CLANG_ENABLE_OBJC_ARC = YES;
				CLANG_ENABLE_OBJC_WEAK = YES;
				CLANG_WARN_BLOCK_CAPTURE_AUTORELEASING = YES;
				CLANG_WARN_BOOL_CONVERSION = YES;
				CLANG_WARN_COMMA = YES;
				CLANG_WARN_CONSTANT_CONVERSION = YES;
				CLANG_WARN_DEPRECATED_OBJC_IMPLEMENTATIONS = YES;
				CLANG_WARN_DIRECT_OBJC_ISA_USAGE = YES_ERROR;
				CLANG_WARN_DOCUMENTATION_COMMENTS = YES;
				CLANG_WARN_EMPTY_BODY = YES;
				CLANG_WARN_ENUM_CONVERSION = YES;
				CLANG_WARN_INFINITE_RECURSION = YES;
				CLANG_WARN_INT_CONVERSION = YES;
				CLANG_WARN_NON_LITERAL_NULL_CONVERSION = YES;
				CLANG_WARN_OBJC_IMPLICIT_RETAIN_SELF = YES;
				CLANG_WARN_OBJC_LITERAL_CONVERSION = YES;
				CLANG_WARN_OBJC_ROOT_CLASS = YES_ERROR;
				CLANG_WARN_QUOTED_INCLUDE_IN_FRAMEWORK_HEADER = YES;
				CLANG_WARN_RANGE_LOOP_ANALYSIS = YES;
				CLANG_WARN_STRICT_PROTOTYPES = YES;
				CLANG_WARN_SUSPICIOUS_MOVE = YES;
				CLANG_WARN_UNGUARDED_AVAILABILITY = YES_AGGRESSIVE;
				CLANG_WARN_UNREACHABLE_CODE = YES;
				CLANG_WARN__DUPLICATE_METHOD_MATCH = YES;
				COPY_PHASE_STRIP = NO;
				DEBUG_INFORMATION_FORMAT = dwarf;
				ENABLE_STRICT_OBJC_MSGSEND = YES;
				ENABLE_TESTABILITY = YES;
				GCC_C_LANGUAGE_STANDARD = gnu11;
				GCC_DYNAMIC_NO_PIC = NO;
				GCC_NO_COMMON_BLOCKS = YES;
				GCC_OPTIMIZATION_LEVEL = 0;
				GCC_PREPROCESSOR_DEFINITIONS = (
					"DEBUG=1",
					"$(inherited)",
				);
				GCC_WARN_64_TO_32_BIT_CONVERSION = YES;
				GCC_WARN_ABOUT_RETURN_TYPE = YES_ERROR;
				GCC_WARN_UNDECLARED_SELECTOR = YES;
				GCC_WARN_UNINITIALIZED_AUTOS = YES_AGGRESSIVE;
				GCC_WARN_UNUSED_FUNCTION = YES;
				GCC_WARN_UNUSED_VARIABLE = YES;
				IPHONEOS_DEPLOYMENT_TARGET = 16.2;
				MTL_ENABLE_DEBUG_INFO = INCLUDE_SOURCE;
				MTL_FAST_MATH = YES;
				ONLY_ACTIVE_ARCH = YES;
				SDKROOT = iphoneos;
				SWIFT_ACTIVE_COMPILATION_CONDITIONS = DEBUG;
				SWIFT_OPTIMIZATION_LEVEL = "-Onone";
			};
			name = Debug;
		};
		DDCCA046299B6BBB00AD1D96 /* Release */ = {
			isa = XCBuildConfiguration;
			buildSettings = {
				ALWAYS_SEARCH_USER_PATHS = NO;
				CLANG_ANALYZER_NONNULL = YES;
				CLANG_ANALYZER_NUMBER_OBJECT_CONVERSION = YES_AGGRESSIVE;
				CLANG_CXX_LANGUAGE_STANDARD = "gnu++20";
				CLANG_ENABLE_MODULES = YES;
				CLANG_ENABLE_OBJC_ARC = YES;
				CLANG_ENABLE_OBJC_WEAK = YES;
				CLANG_WARN_BLOCK_CAPTURE_AUTORELEASING = YES;
				CLANG_WARN_BOOL_CONVERSION = YES;
				CLANG_WARN_COMMA = YES;
				CLANG_WARN_CONSTANT_CONVERSION = YES;
				CLANG_WARN_DEPRECATED_OBJC_IMPLEMENTATIONS = YES;
				CLANG_WARN_DIRECT_OBJC_ISA_USAGE = YES_ERROR;
				CLANG_WARN_DOCUMENTATION_COMMENTS = YES;
				CLANG_WARN_EMPTY_BODY = YES;
				CLANG_WARN_ENUM_CONVERSION = YES;
				CLANG_WARN_INFINITE_RECURSION = YES;
				CLANG_WARN_INT_CONVERSION = YES;
				CLANG_WARN_NON_LITERAL_NULL_CONVERSION = YES;
				CLANG_WARN_OBJC_IMPLICIT_RETAIN_SELF = YES;
				CLANG_WARN_OBJC_LITERAL_CONVERSION = YES;
				CLANG_WARN_OBJC_ROOT_CLASS = YES_ERROR;
				CLANG_WARN_QUOTED_INCLUDE_IN_FRAMEWORK_HEADER = YES;
				CLANG_WARN_RANGE_LOOP_ANALYSIS = YES;
				CLANG_WARN_STRICT_PROTOTYPES = YES;
				CLANG_WARN_SUSPICIOUS_MOVE = YES;
				CLANG_WARN_UNGUARDED_AVAILABILITY = YES_AGGRESSIVE;
				CLANG_WARN_UNREACHABLE_CODE = YES;
				CLANG_WARN__DUPLICATE_METHOD_MATCH = YES;
				COPY_PHASE_STRIP = NO;
				DEBUG_INFORMATION_FORMAT = "dwarf-with-dsym";
				ENABLE_NS_ASSERTIONS = NO;
				ENABLE_STRICT_OBJC_MSGSEND = YES;
				GCC_C_LANGUAGE_STANDARD = gnu11;
				GCC_NO_COMMON_BLOCKS = YES;
				GCC_WARN_64_TO_32_BIT_CONVERSION = YES;
				GCC_WARN_ABOUT_RETURN_TYPE = YES_ERROR;
				GCC_WARN_UNDECLARED_SELECTOR = YES;
				GCC_WARN_UNINITIALIZED_AUTOS = YES_AGGRESSIVE;
				GCC_WARN_UNUSED_FUNCTION = YES;
				GCC_WARN_UNUSED_VARIABLE = YES;
				IPHONEOS_DEPLOYMENT_TARGET = 16.2;
				MTL_ENABLE_DEBUG_INFO = NO;
				MTL_FAST_MATH = YES;
				SDKROOT = iphoneos;
				SWIFT_COMPILATION_MODE = wholemodule;
				SWIFT_OPTIMIZATION_LEVEL = "-O";
				VALIDATE_PRODUCT = YES;
			};
			name = Release;
		};
		DDCCA048299B6BBB00AD1D96 /* Debug */ = {
			isa = XCBuildConfiguration;
			buildSettings = {
				ASSETCATALOG_COMPILER_APPICON_NAME = AppIcon;
				ASSETCATALOG_COMPILER_GLOBAL_ACCENT_COLOR_NAME = AccentColor;
				CODE_SIGN_STYLE = Automatic;
				CURRENT_PROJECT_VERSION = 1;
				GENERATE_INFOPLIST_FILE = YES;
				INFOPLIST_FILE = MemberList/Info.plist;
				INFOPLIST_KEY_UIApplicationSupportsIndirectInputEvents = YES;
				INFOPLIST_KEY_UILaunchStoryboardName = LaunchScreen;
				INFOPLIST_KEY_UIMainStoryboardFile = Main;
				INFOPLIST_KEY_UISupportedInterfaceOrientations = UIInterfaceOrientationPortrait;
				INFOPLIST_KEY_UISupportedInterfaceOrientations_iPad = "UIInterfaceOrientationLandscapeLeft UIInterfaceOrientationLandscapeRight UIInterfaceOrientationPortrait UIInterfaceOrientationPortraitUpsideDown";
				IPHONEOS_DEPLOYMENT_TARGET = 14.0;
				LD_RUNPATH_SEARCH_PATHS = (
					"$(inherited)",
					"@executable_path/Frameworks",
				);
				MARKETING_VERSION = 1.0;
				PRODUCT_BUNDLE_IDENTIFIER = com.austinMoon.MemberList;
				PRODUCT_NAME = "$(TARGET_NAME)";
				SUPPORTED_PLATFORMS = "iphoneos iphonesimulator";
				SUPPORTS_MACCATALYST = NO;
				SUPPORTS_MAC_DESIGNED_FOR_IPHONE_IPAD = NO;
				SWIFT_EMIT_LOC_STRINGS = YES;
				SWIFT_VERSION = 5.0;
				TARGETED_DEVICE_FAMILY = 1;
			};
			name = Debug;
		};
		DDCCA049299B6BBB00AD1D96 /* Release */ = {
			isa = XCBuildConfiguration;
			buildSettings = {
				ASSETCATALOG_COMPILER_APPICON_NAME = AppIcon;
				ASSETCATALOG_COMPILER_GLOBAL_ACCENT_COLOR_NAME = AccentColor;
				CODE_SIGN_STYLE = Automatic;
				CURRENT_PROJECT_VERSION = 1;
				GENERATE_INFOPLIST_FILE = YES;
				INFOPLIST_FILE = MemberList/Info.plist;
				INFOPLIST_KEY_UIApplicationSupportsIndirectInputEvents = YES;
				INFOPLIST_KEY_UILaunchStoryboardName = LaunchScreen;
				INFOPLIST_KEY_UIMainStoryboardFile = Main;
				INFOPLIST_KEY_UISupportedInterfaceOrientations = UIInterfaceOrientationPortrait;
				INFOPLIST_KEY_UISupportedInterfaceOrientations_iPad = "UIInterfaceOrientationLandscapeLeft UIInterfaceOrientationLandscapeRight UIInterfaceOrientationPortrait UIInterfaceOrientationPortraitUpsideDown";
				IPHONEOS_DEPLOYMENT_TARGET = 14.0;
				LD_RUNPATH_SEARCH_PATHS = (
					"$(inherited)",
					"@executable_path/Frameworks",
				);
				MARKETING_VERSION = 1.0;
				PRODUCT_BUNDLE_IDENTIFIER = com.austinMoon.MemberList;
				PRODUCT_NAME = "$(TARGET_NAME)";
				SUPPORTED_PLATFORMS = "iphoneos iphonesimulator";
				SUPPORTS_MACCATALYST = NO;
				SUPPORTS_MAC_DESIGNED_FOR_IPHONE_IPAD = NO;
				SWIFT_EMIT_LOC_STRINGS = YES;
				SWIFT_VERSION = 5.0;
				TARGETED_DEVICE_FAMILY = 1;
			};
			name = Release;
		};
/* End XCBuildConfiguration section */

/* Begin XCConfigurationList section */
		DDCCA02E299B6BB900AD1D96 /* Build configuration list for PBXProject "MemberList" */ = {
			isa = XCConfigurationList;
			buildConfigurations = (
				DDCCA045299B6BBB00AD1D96 /* Debug */,
				DDCCA046299B6BBB00AD1D96 /* Release */,
			);
			defaultConfigurationIsVisible = 0;
			defaultConfigurationName = Release;
		};
		DDCCA047299B6BBB00AD1D96 /* Build configuration list for PBXNativeTarget "MemberList" */ = {
			isa = XCConfigurationList;
			buildConfigurations = (
				DDCCA048299B6BBB00AD1D96 /* Debug */,
				DDCCA049299B6BBB00AD1D96 /* Release */,
			);
			defaultConfigurationIsVisible = 0;
			defaultConfigurationName = Release;
		};
/* End XCConfigurationList section */
	};
	rootObject = DDCCA02B299B6BB900AD1D96 /* Project object */;
}
